// !$*UTF8*$!
{
	archiveVersion = 1;
	classes = {
	};
	objectVersion = 77;
	objects = {

/* Begin PBXContainerItemProxy section */
		5AD32D102DFB539A009030B0 /* PBXContainerItemProxy */ = {
			isa = PBXContainerItemProxy;
			containerPortal = 5AD32CFA2DFB5398009030B0 /* Project object */;
			proxyType = 1;
			remoteGlobalIDString = 5AD32D012DFB5398009030B0;
			remoteInfo = KeyChainMigrations;
		};
		5AD32D1A2DFB539A009030B0 /* PBXContainerItemProxy */ = {
			isa = PBXContainerItemProxy;
			containerPortal = 5AD32CFA2DFB5398009030B0 /* Project object */;
			proxyType = 1;
			remoteGlobalIDString = 5AD32D012DFB5398009030B0;
			remoteInfo = KeyChainMigrations;
		};
/* End PBXContainerItemProxy section */

/* Begin PBXFileReference section */
		5AD32D022DFB5398009030B0 /* KeyChainMigrations.app */ = {isa = PBXFileReference; explicitFileType = wrapper.application; includeInIndex = 0; path = KeyChainMigrations.app; sourceTree = BUILT_PRODUCTS_DIR; };
		5AD32D0F2DFB539A009030B0 /* KeyChainMigrationsTests.xctest */ = {isa = PBXFileReference; explicitFileType = wrapper.cfbundle; includeInIndex = 0; path = KeyChainMigrationsTests.xctest; sourceTree = BUILT_PRODUCTS_DIR; };
		5AD32D192DFB539A009030B0 /* KeyChainMigrationsUITests.xctest */ = {isa = PBXFileReference; explicitFileType = wrapper.cfbundle; includeInIndex = 0; path = KeyChainMigrationsUITests.xctest; sourceTree = BUILT_PRODUCTS_DIR; };
/* End PBXFileReference section */

/* Begin PBXFileSystemSynchronizedRootGroup section */
		5AD32D042DFB5398009030B0 /* KeyChainMigrations */ = {
			isa = PBXFileSystemSynchronizedRootGroup;
			path = KeyChainMigrations;
			sourceTree = "<group>";
		};
		5AD32D122DFB539A009030B0 /* KeyChainMigrationsTests */ = {
			isa = PBXFileSystemSynchronizedRootGroup;
			path = KeyChainMigrationsTests;
			sourceTree = "<group>";
		};
		5AD32D1C2DFB539A009030B0 /* KeyChainMigrationsUITests */ = {
			isa = PBXFileSystemSynchronizedRootGroup;
			path = KeyChainMigrationsUITests;
			sourceTree = "<group>";
		};
/* End PBXFileSystemSynchronizedRootGroup section */

/* Begin PBXFrameworksBuildPhase section */
		5AD32CFF2DFB5398009030B0 /* Frameworks */ = {
			isa = PBXFrameworksBuildPhase;
			buildActionMask = 2147483647;
			files = (
			);
			runOnlyForDeploymentPostprocessing = 0;
		};
		5AD32D0C2DFB539A009030B0 /* Frameworks */ = {
			isa = PBXFrameworksBuildPhase;
			buildActionMask = 2147483647;
			files = (
			);
			runOnlyForDeploymentPostprocessing = 0;
		};
		5AD32D162DFB539A009030B0 /* Frameworks */ = {
			isa = PBXFrameworksBuildPhase;
			buildActionMask = 2147483647;
			files = (
			);
			runOnlyForDeploymentPostprocessing = 0;
		};
/* End PBXFrameworksBuildPhase section */

/* Begin PBXGroup section */
		5AD32CF92DFB5398009030B0 = {
			isa = PBXGroup;
			children = (
				5AD32D042DFB5398009030B0 /* KeyChainMigrations */,
				5AD32D122DFB539A009030B0 /* KeyChainMigrationsTests */,
				5AD32D1C2DFB539A009030B0 /* KeyChainMigrationsUITests */,
				5AD32D032DFB5398009030B0 /* Products */,
			);
			sourceTree = "<group>";
		};
		5AD32D032DFB5398009030B0 /* Products */ = {
			isa = PBXGroup;
			children = (
				5AD32D022DFB5398009030B0 /* KeyChainMigrations.app */,
				5AD32D0F2DFB539A009030B0 /* KeyChainMigrationsTests.xctest */,
				5AD32D192DFB539A009030B0 /* KeyChainMigrationsUITests.xctest */,
			);
			name = Products;
			sourceTree = "<group>";
		};
/* End PBXGroup section */

/* Begin PBXNativeTarget section */
		5AD32D012DFB5398009030B0 /* KeyChainMigrations */ = {
			isa = PBXNativeTarget;
			buildConfigurationList = 5AD32D232DFB539A009030B0 /* Build configuration list for PBXNativeTarget "KeyChainMigrations" */;
			buildPhases = (
				5AD32CFE2DFB5398009030B0 /* Sources */,
				5AD32CFF2DFB5398009030B0 /* Frameworks */,
				5AD32D002DFB5398009030B0 /* Resources */,
			);
			buildRules = (
			);
			dependencies = (
			);
			fileSystemSynchronizedGroups = (
				5AD32D042DFB5398009030B0 /* KeyChainMigrations */,
			);
			name = KeyChainMigrations;
			packageProductDependencies = (
			);
			productName = KeyChainMigrations;
			productReference = 5AD32D022DFB5398009030B0 /* KeyChainMigrations.app */;
			productType = "com.apple.product-type.application";
		};
		5AD32D0E2DFB539A009030B0 /* KeyChainMigrationsTests */ = {
			isa = PBXNativeTarget;
			buildConfigurationList = 5AD32D262DFB539A009030B0 /* Build configuration list for PBXNativeTarget "KeyChainMigrationsTests" */;
			buildPhases = (
				5AD32D0B2DFB539A009030B0 /* Sources */,
				5AD32D0C2DFB539A009030B0 /* Frameworks */,
				5AD32D0D2DFB539A009030B0 /* Resources */,
			);
			buildRules = (
			);
			dependencies = (
				5AD32D112DFB539A009030B0 /* PBXTargetDependency */,
			);
			fileSystemSynchronizedGroups = (
				5AD32D122DFB539A009030B0 /* KeyChainMigrationsTests */,
			);
			name = KeyChainMigrationsTests;
			packageProductDependencies = (
			);
			productName = KeyChainMigrationsTests;
			productReference = 5AD32D0F2DFB539A009030B0 /* KeyChainMigrationsTests.xctest */;
			productType = "com.apple.product-type.bundle.unit-test";
		};
		5AD32D182DFB539A009030B0 /* KeyChainMigrationsUITests */ = {
			isa = PBXNativeTarget;
			buildConfigurationList = 5AD32D292DFB539A009030B0 /* Build configuration list for PBXNativeTarget "KeyChainMigrationsUITests" */;
			buildPhases = (
				5AD32D152DFB539A009030B0 /* Sources */,
				5AD32D162DFB539A009030B0 /* Frameworks */,
				5AD32D172DFB539A009030B0 /* Resources */,
			);
			buildRules = (
			);
			dependencies = (
				5AD32D1B2DFB539A009030B0 /* PBXTargetDependency */,
			);
			fileSystemSynchronizedGroups = (
				5AD32D1C2DFB539A009030B0 /* KeyChainMigrationsUITests */,
			);
			name = KeyChainMigrationsUITests;
			packageProductDependencies = (
			);
			productName = KeyChainMigrationsUITests;
			productReference = 5AD32D192DFB539A009030B0 /* KeyChainMigrationsUITests.xctest */;
			productType = "com.apple.product-type.bundle.ui-testing";
		};
/* End PBXNativeTarget section */

/* Begin PBXProject section */
		5AD32CFA2DFB5398009030B0 /* Project object */ = {
			isa = PBXProject;
			attributes = {
				BuildIndependentTargetsInParallel = 1;
				LastSwiftUpdateCheck = 1630;
				LastUpgradeCheck = 1630;
				TargetAttributes = {
					5AD32D012DFB5398009030B0 = {
						CreatedOnToolsVersion = 16.3;
					};
					5AD32D0E2DFB539A009030B0 = {
						CreatedOnToolsVersion = 16.3;
						TestTargetID = 5AD32D012DFB5398009030B0;
					};
					5AD32D182DFB539A009030B0 = {
						CreatedOnToolsVersion = 16.3;
						TestTargetID = 5AD32D012DFB5398009030B0;
					};
				};
			};
			buildConfigurationList = 5AD32CFD2DFB5398009030B0 /* Build configuration list for PBXProject "KeyChainMigrations" */;
			developmentRegion = en;
			hasScannedForEncodings = 0;
			knownRegions = (
				en,
				Base,
			);
			mainGroup = 5AD32CF92DFB5398009030B0;
			minimizedProjectReferenceProxies = 1;
			preferredProjectObjectVersion = 77;
			productRefGroup = 5AD32D032DFB5398009030B0 /* Products */;
			projectDirPath = "";
			projectRoot = "";
			targets = (
				5AD32D012DFB5398009030B0 /* KeyChainMigrations */,
				5AD32D0E2DFB539A009030B0 /* KeyChainMigrationsTests */,
				5AD32D182DFB539A009030B0 /* KeyChainMigrationsUITests */,
			);
		};
/* End PBXProject section */

/* Begin PBXResourcesBuildPhase section */
		5AD32D002DFB5398009030B0 /* Resources */ = {
			isa = PBXResourcesBuildPhase;
			buildActionMask = 2147483647;
			files = (
			);
			runOnlyForDeploymentPostprocessing = 0;
		};
		5AD32D0D2DFB539A009030B0 /* Resources */ = {
			isa = PBXResourcesBuildPhase;
			buildActionMask = 2147483647;
			files = (
			);
			runOnlyForDeploymentPostprocessing = 0;
		};
		5AD32D172DFB539A009030B0 /* Resources */ = {
			isa = PBXResourcesBuildPhase;
			buildActionMask = 2147483647;
			files = (
			);
			runOnlyForDeploymentPostprocessing = 0;
		};
/* End PBXResourcesBuildPhase section */

/* Begin PBXSourcesBuildPhase section */
		5AD32CFE2DFB5398009030B0 /* Sources */ = {
			isa = PBXSourcesBuildPhase;
			buildActionMask = 2147483647;
			files = (
			);
			runOnlyForDeploymentPostprocessing = 0;
		};
		5AD32D0B2DFB539A009030B0 /* Sources */ = {
			isa = PBXSourcesBuildPhase;
			buildActionMask = 2147483647;
			files = (
			);
			runOnlyForDeploymentPostprocessing = 0;
		};
		5AD32D152DFB539A009030B0 /* Sources */ = {
			isa = PBXSourcesBuildPhase;
			buildActionMask = 2147483647;
			files = (
			);
			runOnlyForDeploymentPostprocessing = 0;
		};
/* End PBXSourcesBuildPhase section */

/* Begin PBXTargetDependency section */
		5AD32D112DFB539A009030B0 /* PBXTargetDependency */ = {
			isa = PBXTargetDependency;
			target = 5AD32D012DFB5398009030B0 /* KeyChainMigrations */;
			targetProxy = 5AD32D102DFB539A009030B0 /* PBXContainerItemProxy */;
		};
		5AD32D1B2DFB539A009030B0 /* PBXTargetDependency */ = {
			isa = PBXTargetDependency;
			target = 5AD32D012DFB5398009030B0 /* KeyChainMigrations */;
			targetProxy = 5AD32D1A2DFB539A009030B0 /* PBXContainerItemProxy */;
		};
/* End PBXTargetDependency section */

/* Begin XCBuildConfiguration section */
		5AD32D212DFB539A009030B0 /* Debug */ = {
			isa = XCBuildConfiguration;
			buildSettings = {
				ALWAYS_SEARCH_USER_PATHS = NO;
				ASSETCATALOG_COMPILER_GENERATE_SWIFT_ASSET_SYMBOL_EXTENSIONS = YES;
				CLANG_ANALYZER_NONNULL = YES;
				CLANG_ANALYZER_NUMBER_OBJECT_CONVERSION = YES_AGGRESSIVE;
				CLANG_CXX_LANGUAGE_STANDARD = "gnu++20";
				CLANG_ENABLE_MODULES = YES;
				CLANG_ENABLE_OBJC_ARC = YES;
				CLANG_ENABLE_OBJC_WEAK = YES;
				CLANG_WARN_BLOCK_CAPTURE_AUTORELEASING = YES;
				CLANG_WARN_BOOL_CONVERSION = YES;
				CLANG_WARN_COMMA = YES;
				CLANG_WARN_CONSTANT_CONVERSION = YES;
				CLANG_WARN_DEPRECATED_OBJC_IMPLEMENTATIONS = YES;
				CLANG_WARN_DIRECT_OBJC_ISA_USAGE = YES_ERROR;
				CLANG_WARN_DOCUMENTATION_COMMENTS = YES;
				CLANG_WARN_EMPTY_BODY = YES;
				CLANG_WARN_ENUM_CONVERSION = YES;
				CLANG_WARN_INFINITE_RECURSION = YES;
				CLANG_WARN_INT_CONVERSION = YES;
				CLANG_WARN_NON_LITERAL_NULL_CONVERSION = YES;
				CLANG_WARN_OBJC_IMPLICIT_RETAIN_SELF = YES;
				CLANG_WARN_OBJC_LITERAL_CONVERSION = YES;
				CLANG_WARN_OBJC_ROOT_CLASS = YES_ERROR;
				CLANG_WARN_QUOTED_INCLUDE_IN_FRAMEWORK_HEADER = YES;
				CLANG_WARN_RANGE_LOOP_ANALYSIS = YES;
				CLANG_WARN_STRICT_PROTOTYPES = YES;
				CLANG_WARN_SUSPICIOUS_MOVE = YES;
				CLANG_WARN_UNGUARDED_AVAILABILITY = YES_AGGRESSIVE;
				CLANG_WARN_UNREACHABLE_CODE = YES;
				CLANG_WARN__DUPLICATE_METHOD_MATCH = YES;
				COPY_PHASE_STRIP = NO;
				DEBUG_INFORMATION_FORMAT = dwarf;
				DEVELOPMENT_TEAM = 7ZPDPWR8XU;
				ENABLE_STRICT_OBJC_MSGSEND = YES;
				ENABLE_TESTABILITY = YES;
				ENABLE_USER_SCRIPT_SANDBOXING = YES;
				GCC_C_LANGUAGE_STANDARD = gnu17;
				GCC_DYNAMIC_NO_PIC = NO;
				GCC_NO_COMMON_BLOCKS = YES;
				GCC_OPTIMIZATION_LEVEL = 0;
				GCC_PREPROCESSOR_DEFINITIONS = (
					"DEBUG=1",
					"$(inherited)",
				);
				GCC_WARN_64_TO_32_BIT_CONVERSION = YES;
				GCC_WARN_ABOUT_RETURN_TYPE = YES_ERROR;
				GCC_WARN_UNDECLARED_SELECTOR = YES;
				GCC_WARN_UNINITIALIZED_AUTOS = YES_AGGRESSIVE;
				GCC_WARN_UNUSED_FUNCTION = YES;
				GCC_WARN_UNUSED_VARIABLE = YES;
				IPHONEOS_DEPLOYMENT_TARGET = 18.4;
				LOCALIZATION_PREFERS_STRING_CATALOGS = YES;
				MTL_ENABLE_DEBUG_INFO = INCLUDE_SOURCE;
				MTL_FAST_MATH = YES;
				ONLY_ACTIVE_ARCH = YES;
				SDKROOT = iphoneos;
				SWIFT_ACTIVE_COMPILATION_CONDITIONS = "DEBUG $(inherited)";
				SWIFT_OPTIMIZATION_LEVEL = "-Onone";
			};
			name = Debug;
		};
		5AD32D222DFB539A009030B0 /* Release */ = {
			isa = XCBuildConfiguration;
			buildSettings = {
				ALWAYS_SEARCH_USER_PATHS = NO;
				ASSETCATALOG_COMPILER_GENERATE_SWIFT_ASSET_SYMBOL_EXTENSIONS = YES;
				CLANG_ANALYZER_NONNULL = YES;
				CLANG_ANALYZER_NUMBER_OBJECT_CONVERSION = YES_AGGRESSIVE;
				CLANG_CXX_LANGUAGE_STANDARD = "gnu++20";
				CLANG_ENABLE_MODULES = YES;
				CLANG_ENABLE_OBJC_ARC = YES;
				CLANG_ENABLE_OBJC_WEAK = YES;
				CLANG_WARN_BLOCK_CAPTURE_AUTORELEASING = YES;
				CLANG_WARN_BOOL_CONVERSION = YES;
				CLANG_WARN_COMMA = YES;
				CLANG_WARN_CONSTANT_CONVERSION = YES;
				CLANG_WARN_DEPRECATED_OBJC_IMPLEMENTATIONS = YES;
				CLANG_WARN_DIRECT_OBJC_ISA_USAGE = YES_ERROR;
				CLANG_WARN_DOCUMENTATION_COMMENTS = YES;
				CLANG_WARN_EMPTY_BODY = YES;
				CLANG_WARN_ENUM_CONVERSION = YES;
				CLANG_WARN_INFINITE_RECURSION = YES;
				CLANG_WARN_INT_CONVERSION = YES;
				CLANG_WARN_NON_LITERAL_NULL_CONVERSION = YES;
				CLANG_WARN_OBJC_IMPLICIT_RETAIN_SELF = YES;
				CLANG_WARN_OBJC_LITERAL_CONVERSION = YES;
				CLANG_WARN_OBJC_ROOT_CLASS = YES_ERROR;
				CLANG_WARN_QUOTED_INCLUDE_IN_FRAMEWORK_HEADER = YES;
				CLANG_WARN_RANGE_LOOP_ANALYSIS = YES;
				CLANG_WARN_STRICT_PROTOTYPES = YES;
				CLANG_WARN_SUSPICIOUS_MOVE = YES;
				CLANG_WARN_UNGUARDED_AVAILABILITY = YES_AGGRESSIVE;
				CLANG_WARN_UNREACHABLE_CODE = YES;
				CLANG_WARN__DUPLICATE_METHOD_MATCH = YES;
				COPY_PHASE_STRIP = NO;
				DEBUG_INFORMATION_FORMAT = "dwarf-with-dsym";
				DEVELOPMENT_TEAM = 7ZPDPWR8XU;
				ENABLE_NS_ASSERTIONS = NO;
				ENABLE_STRICT_OBJC_MSGSEND = YES;
				ENABLE_USER_SCRIPT_SANDBOXING = YES;
				GCC_C_LANGUAGE_STANDARD = gnu17;
				GCC_NO_COMMON_BLOCKS = YES;
				GCC_WARN_64_TO_32_BIT_CONVERSION = YES;
				GCC_WARN_ABOUT_RETURN_TYPE = YES_ERROR;
				GCC_WARN_UNDECLARED_SELECTOR = YES;
				GCC_WARN_UNINITIALIZED_AUTOS = YES_AGGRESSIVE;
				GCC_WARN_UNUSED_FUNCTION = YES;
				GCC_WARN_UNUSED_VARIABLE = YES;
				IPHONEOS_DEPLOYMENT_TARGET = 18.4;
				LOCALIZATION_PREFERS_STRING_CATALOGS = YES;
				MTL_ENABLE_DEBUG_INFO = NO;
				MTL_FAST_MATH = YES;
				SDKROOT = iphoneos;
				SWIFT_COMPILATION_MODE = wholemodule;
				VALIDATE_PRODUCT = YES;
			};
			name = Release;
		};
		5AD32D242DFB539A009030B0 /* Debug */ = {
			isa = XCBuildConfiguration;
			buildSettings = {
				ASSETCATALOG_COMPILER_APPICON_NAME = AppIcon;
				ASSETCATALOG_COMPILER_GLOBAL_ACCENT_COLOR_NAME = AccentColor;
				CODE_SIGN_STYLE = Automatic;
				CURRENT_PROJECT_VERSION = 1;
				DEVELOPMENT_TEAM = 7ZPDPWR8XU;
				ENABLE_PREVIEWS = YES;
				GENERATE_INFOPLIST_FILE = YES;
				INFOPLIST_KEY_UIApplicationSceneManifest_Generation = YES;
				INFOPLIST_KEY_UIApplicationSupportsIndirectInputEvents = YES;
				INFOPLIST_KEY_UILaunchScreen_Generation = YES;
				INFOPLIST_KEY_UISupportedInterfaceOrientations_iPad = "UIInterfaceOrientationPortrait UIInterfaceOrientationPortraitUpsideDown UIInterfaceOrientationLandscapeLeft UIInterfaceOrientationLandscapeRight";
				INFOPLIST_KEY_UISupportedInterfaceOrientations_iPhone = "UIInterfaceOrientationPortrait UIInterfaceOrientationLandscapeLeft UIInterfaceOrientationLandscapeRight";
				LD_RUNPATH_SEARCH_PATHS = (
					"$(inherited)",
					"@executable_path/Frameworks",
				);
				MARKETING_VERSION = 1.0;
				PRODUCT_BUNDLE_IDENTIFIER = jca.KeyChainMigrations;
				PRODUCT_NAME = "$(TARGET_NAME)";
				SWIFT_EMIT_LOC_STRINGS = YES;
				SWIFT_VERSION = 5.0;
				TARGETED_DEVICE_FAMILY = "1,2";
			};
			name = Debug;
		};
		5AD32D252DFB539A009030B0 /* Release */ = {
			isa = XCBuildConfiguration;
			buildSettings = {
				ASSETCATALOG_COMPILER_APPICON_NAME = AppIcon;
				ASSETCATALOG_COMPILER_GLOBAL_ACCENT_COLOR_NAME = AccentColor;
				CODE_SIGN_STYLE = Automatic;
				CURRENT_PROJECT_VERSION = 1;
				DEVELOPMENT_TEAM = 7ZPDPWR8XU;
				ENABLE_PREVIEWS = YES;
				GENERATE_INFOPLIST_FILE = YES;
				INFOPLIST_KEY_UIApplicationSceneManifest_Generation = YES;
				INFOPLIST_KEY_UIApplicationSupportsIndirectInputEvents = YES;
				INFOPLIST_KEY_UILaunchScreen_Generation = YES;
				INFOPLIST_KEY_UISupportedInterfaceOrientations_iPad = "UIInterfaceOrientationPortrait UIInterfaceOrientationPortraitUpsideDown UIInterfaceOrientationLandscapeLeft UIInterfaceOrientationLandscapeRight";
				INFOPLIST_KEY_UISupportedInterfaceOrientations_iPhone = "UIInterfaceOrientationPortrait UIInterfaceOrientationLandscapeLeft UIInterfaceOrientationLandscapeRight";
				LD_RUNPATH_SEARCH_PATHS = (
					"$(inherited)",
					"@executable_path/Frameworks",
				);
				MARKETING_VERSION = 1.0;
				PRODUCT_BUNDLE_IDENTIFIER = jca.KeyChainMigrations;
				PRODUCT_NAME = "$(TARGET_NAME)";
				SWIFT_EMIT_LOC_STRINGS = YES;
				SWIFT_VERSION = 5.0;
				TARGETED_DEVICE_FAMILY = "1,2";
			};
			name = Release;
		};
		5AD32D272DFB539A009030B0 /* Debug */ = {
			isa = XCBuildConfiguration;
			buildSettings = {
				BUNDLE_LOADER = "$(TEST_HOST)";
				CODE_SIGN_STYLE = Automatic;
				CURRENT_PROJECT_VERSION = 1;
				DEVELOPMENT_TEAM = 7ZPDPWR8XU;
				GENERATE_INFOPLIST_FILE = YES;
				IPHONEOS_DEPLOYMENT_TARGET = 18.4;
				MARKETING_VERSION = 1.0;
				PRODUCT_BUNDLE_IDENTIFIER = jca.KeyChainMigrationsTests;
				PRODUCT_NAME = "$(TARGET_NAME)";
				SWIFT_EMIT_LOC_STRINGS = NO;
				SWIFT_VERSION = 5.0;
				TARGETED_DEVICE_FAMILY = "1,2";
				TEST_HOST = "$(BUILT_PRODUCTS_DIR)/KeyChainMigrations.app/$(BUNDLE_EXECUTABLE_FOLDER_PATH)/KeyChainMigrations";
			};
			name = Debug;
		};
		5AD32D282DFB539A009030B0 /* Release */ = {
			isa = XCBuildConfiguration;
			buildSettings = {
				BUNDLE_LOADER = "$(TEST_HOST)";
				CODE_SIGN_STYLE = Automatic;
				CURRENT_PROJECT_VERSION = 1;
				DEVELOPMENT_TEAM = 7ZPDPWR8XU;
				GENERATE_INFOPLIST_FILE = YES;
				IPHONEOS_DEPLOYMENT_TARGET = 18.4;
				MARKETING_VERSION = 1.0;
				PRODUCT_BUNDLE_IDENTIFIER = jca.KeyChainMigrationsTests;
				PRODUCT_NAME = "$(TARGET_NAME)";
				SWIFT_EMIT_LOC_STRINGS = NO;
				SWIFT_VERSION = 5.0;
				TARGETED_DEVICE_FAMILY = "1,2";
				TEST_HOST = "$(BUILT_PRODUCTS_DIR)/KeyChainMigrations.app/$(BUNDLE_EXECUTABLE_FOLDER_PATH)/KeyChainMigrations";
			};
			name = Release;
		};
		5AD32D2A2DFB539A009030B0 /* Debug */ = {
			isa = XCBuildConfiguration;
			buildSettings = {
				CODE_SIGN_STYLE = Automatic;
				CURRENT_PROJECT_VERSION = 1;
				DEVELOPMENT_TEAM = 7ZPDPWR8XU;
				GENERATE_INFOPLIST_FILE = YES;
				MARKETING_VERSION = 1.0;
				PRODUCT_BUNDLE_IDENTIFIER = jca.KeyChainMigrationsUITests;
				PRODUCT_NAME = "$(TARGET_NAME)";
				SWIFT_EMIT_LOC_STRINGS = NO;
				SWIFT_VERSION = 5.0;
				TARGETED_DEVICE_FAMILY = "1,2";
				TEST_TARGET_NAME = KeyChainMigrations;
			};
			name = Debug;
		};
		5AD32D2B2DFB539A009030B0 /* Release */ = {
			isa = XCBuildConfiguration;
			buildSettings = {
				CODE_SIGN_STYLE = Automatic;
				CURRENT_PROJECT_VERSION = 1;
				DEVELOPMENT_TEAM = 7ZPDPWR8XU;
				GENERATE_INFOPLIST_FILE = YES;
				MARKETING_VERSION = 1.0;
				PRODUCT_BUNDLE_IDENTIFIER = jca.KeyChainMigrationsUITests;
				PRODUCT_NAME = "$(TARGET_NAME)";
				SWIFT_EMIT_LOC_STRINGS = NO;
				SWIFT_VERSION = 5.0;
				TARGETED_DEVICE_FAMILY = "1,2";
				TEST_TARGET_NAME = KeyChainMigrations;
			};
			name = Release;
		};
/* End XCBuildConfiguration section */

/* Begin XCConfigurationList section */
		5AD32CFD2DFB5398009030B0 /* Build configuration list for PBXProject "KeyChainMigrations" */ = {
			isa = XCConfigurationList;
			buildConfigurations = (
				5AD32D212DFB539A009030B0 /* Debug */,
				5AD32D222DFB539A009030B0 /* Release */,
			);
			defaultConfigurationIsVisible = 0;
			defaultConfigurationName = Release;
		};
		5AD32D232DFB539A009030B0 /* Build configuration list for PBXNativeTarget "KeyChainMigrations" */ = {
			isa = XCConfigurationList;
			buildConfigurations = (
				5AD32D242DFB539A009030B0 /* Debug */,
				5AD32D252DFB539A009030B0 /* Release */,
			);
			defaultConfigurationIsVisible = 0;
			defaultConfigurationName = Release;
		};
		5AD32D262DFB539A009030B0 /* Build configuration list for PBXNativeTarget "KeyChainMigrationsTests" */ = {
			isa = XCConfigurationList;
			buildConfigurations = (
				5AD32D272DFB539A009030B0 /* Debug */,
				5AD32D282DFB539A009030B0 /* Release */,
			);
			defaultConfigurationIsVisible = 0;
			defaultConfigurationName = Release;
		};
		5AD32D292DFB539A009030B0 /* Build configuration list for PBXNativeTarget "KeyChainMigrationsUITests" */ = {
			isa = XCConfigurationList;
			buildConfigurations = (
				5AD32D2A2DFB539A009030B0 /* Debug */,
				5AD32D2B2DFB539A009030B0 /* Release */,
			);
			defaultConfigurationIsVisible = 0;
			defaultConfigurationName = Release;
		};
/* End XCConfigurationList section */
	};
	rootObject = 5AD32CFA2DFB5398009030B0 /* Project object */;
}
